
Microsoft Visual Studio Solution File, Format Version 12.00
# Visual Studio Version 17
VisualStudioVersion = 17.6.33815.320
MinimumVisualStudioVersion = 10.0.40219.1
Project("{FAE04EC0-301F-11D3-BF4B-00C04F79EFBC}") = "CalculatorWebServicesDemo", "CalculatorWebServicesDemo\CalculatorWebServicesDemo.csproj", "{19C80762-14F8-4F36-9E2A-CBD5F3D3877C}"
EndProject
Project("{FAE04EC0-301F-11D3-BF4B-00C04F79EFBC}") = "CalculatorWebApplication", "CalculatorWebApplication\CalculatorWebApplication.csproj", "{3AD48FDB-8869-4E6E-99B5-A8110CFF133B}"
	ProjectSection(ProjectDependencies) = postProject
		{19C80762-14F8-4F36-9E2A-CBD5F3D3877C} = {19C80762-14F8-4F36-9E2A-CBD5F3D3877C}
	EndProjectSection
EndProject
Global
	GlobalSection(SolutionConfigurationPlatforms) = preSolution
		Debug|Any CPU = Debug|Any CPU
		Release|Any CPU = Release|Any CPU
	EndGlobalSection
	GlobalSection(ProjectConfigurationPlatforms) = postSolution
		{19C80762-14F8-4F36-9E2A-CBD5F3D3877C}.Debug|Any CPU.ActiveCfg = Debug|Any CPU
		{19C80762-14F8-4F36-9E2A-CBD5F3D3877C}.Debug|Any CPU.Build.0 = Debug|Any CPU
		{19C80762-14F8-4F36-9E2A-CBD5F3D3877C}.Release|Any CPU.ActiveCfg = Release|Any CPU
		{19C80762-14F8-4F36-9E2A-CBD5F3D3877C}.Release|Any CPU.Build.0 = Release|Any CPU
		{3AD48FDB-8869-4E6E-99B5-A8110CFF133B}.Debug|Any CPU.ActiveCfg = Debug|Any CPU
		{3AD48FDB-8869-4E6E-99B5-A8110CFF133B}.Debug|Any CPU.Build.0 = Debug|Any CPU
		{3AD48FDB-8869-4E6E-99B5-A8110CFF133B}.Release|Any CPU.ActiveCfg = Release|Any CPU
		{3AD48FDB-8869-4E6E-99B5-A8110CFF133B}.Release|Any CPU.Build.0 = Release|Any CPU
	EndGlobalSection
	GlobalSection(SolutionProperties) = preSolution
		HideSolutionNode = FALSE
	EndGlobalSection
	GlobalSection(ExtensibilityGlobals) = postSolution
		SolutionGuid = {72C36F87-E316-4839-B397-89CD1A65DD48}
	EndGlobalSection
EndGlobal
