
Microsoft Visual Studio Solution File, Format Version 12.00
# Visual Studio Version 17
VisualStudioVersion = 17.6.33815.320
MinimumVisualStudioVersion = 10.0.40219.1
Project("{FAE04EC0-301F-11D3-BF4B-00C04F79EFBC}") = "HotelBookingRESTAPI", "HotelBookingRESTAPI\HotelBookingRESTAPI.csproj", "{9C9DFD47-3F24-4BC6-91E6-D698993F743C}"
EndProject
Global
	GlobalSection(SolutionConfigurationPlatforms) = preSolution
		Debug|Any CPU = Debug|Any CPU
		Release|Any CPU = Release|Any CPU
	EndGlobalSection
	GlobalSection(ProjectConfigurationPlatforms) = postSolution
		{9C9DFD47-3F24-4BC6-91E6-D698993F743C}.Debug|Any CPU.ActiveCfg = Debug|Any CPU
		{9C9DFD47-3F24-4BC6-91E6-D698993F743C}.Debug|Any CPU.Build.0 = Debug|Any CPU
		{9C9DFD47-3F24-4BC6-91E6-D698993F743C}.Release|Any CPU.ActiveCfg = Release|Any CPU
		{9C9DFD47-3F24-4BC6-91E6-D698993F743C}.Release|Any CPU.Build.0 = Release|Any CPU
	EndGlobalSection
	GlobalSection(SolutionProperties) = preSolution
		HideSolutionNode = FALSE
	EndGlobalSection
	GlobalSection(ExtensibilityGlobals) = postSolution
		SolutionGuid = {6F09AA5F-0AB4-4A5B-8D8D-51F4D9773739}
	EndGlobalSection
EndGlobal
